// !$*UTF8*$!
{
	archiveVersion = 1;
	classes = {
	};
	objectVersion = 56;
	objects = {

/* Begin PBXBuildFile section */
		FB0714362AB992D7006CE7A7 /* MovieDetail.swift in Sources */ = {isa = PBXBuildFile; fileRef = FB0714352AB992D7006CE7A7 /* MovieDetail.swift */; };
		FB0D83EE2AAA0B8500F1CF2E /* BuildNetflixApp.swift in Sources */ = {isa = PBXBuildFile; fileRef = FB0D83ED2AAA0B8500F1CF2E /* BuildNetflixApp.swift */; };
		FB0D83F02AAA0B8500F1CF2E /* ContentView.swift in Sources */ = {isa = PBXBuildFile; fileRef = FB0D83EF2AAA0B8500F1CF2E /* ContentView.swift */; };
		FB0D83F22AAA0B8700F1CF2E /* Assets.xcassets in Resources */ = {isa = PBXBuildFile; fileRef = FB0D83F12AAA0B8700F1CF2E /* Assets.xcassets */; };
		FB0D83F52AAA0B8700F1CF2E /* Preview Assets.xcassets in Resources */ = {isa = PBXBuildFile; fileRef = FB0D83F42AAA0B8700F1CF2E /* Preview Assets.xcassets */; };
		FB0D83FC2AAA103300F1CF2E /* HomeView.swift in Sources */ = {isa = PBXBuildFile; fileRef = FB0D83FB2AAA103300F1CF2E /* HomeView.swift */; };
		FB0D83FF2AAA109300F1CF2E /* Kingfisher in Frameworks */ = {isa = PBXBuildFile; productRef = FB0D83FE2AAA109300F1CF2E /* Kingfisher */; };
		FB0D84012AAA10AA00F1CF2E /* movie.swift in Sources */ = {isa = PBXBuildFile; fileRef = FB0D84002AAA10AA00F1CF2E /* movie.swift */; };
		FB0D84042AAA10D400F1CF2E /* StandardHomeMovie.swift in Sources */ = {isa = PBXBuildFile; fileRef = FB0D84032AAA10D400F1CF2E /* StandardHomeMovie.swift */; };
		FB0D84062AAA110C00F1CF2E /* GlobalHelpers.swift in Sources */ = {isa = PBXBuildFile; fileRef = FB0D84052AAA110C00F1CF2E /* GlobalHelpers.swift */; };
		FB0D84082AAB674200F1CF2E /* HomeVM.swift in Sources */ = {isa = PBXBuildFile; fileRef = FB0D84072AAB674200F1CF2E /* HomeVM.swift */; };
		FB0D840A2AAC071300F1CF2E /* TopMoviePreview.swift in Sources */ = {isa = PBXBuildFile; fileRef = FB0D84092AAC071300F1CF2E /* TopMoviePreview.swift */; };
		FB0D840C2AAC174400F1CF2E /* SmallVerticalButton.swift in Sources */ = {isa = PBXBuildFile; fileRef = FB0D840B2AAC174400F1CF2E /* SmallVerticalButton.swift */; };
		FB0D840E2AAC1BA900F1CF2E /* WhiteButton.swift in Sources */ = {isa = PBXBuildFile; fileRef = FB0D840D2AAC1BA900F1CF2E /* WhiteButton.swift */; };
/* End PBXBuildFile section */

/* Begin PBXFileReference section */
		FB0714352AB992D7006CE7A7 /* MovieDetail.swift */ = {isa = PBXFileReference; lastKnownFileType = sourcecode.swift; path = MovieDetail.swift; sourceTree = "<group>"; };
		FB0D83EA2AAA0B8500F1CF2E /* BuildNetflix.app */ = {isa = PBXFileReference; explicitFileType = wrapper.application; includeInIndex = 0; path = BuildNetflix.app; sourceTree = BUILT_PRODUCTS_DIR; };
		FB0D83ED2AAA0B8500F1CF2E /* BuildNetflixApp.swift */ = {isa = PBXFileReference; lastKnownFileType = sourcecode.swift; path = BuildNetflixApp.swift; sourceTree = "<group>"; };
		FB0D83EF2AAA0B8500F1CF2E /* ContentView.swift */ = {isa = PBXFileReference; lastKnownFileType = sourcecode.swift; path = ContentView.swift; sourceTree = "<group>"; };
		FB0D83F12AAA0B8700F1CF2E /* Assets.xcassets */ = {isa = PBXFileReference; lastKnownFileType = folder.assetcatalog; path = Assets.xcassets; sourceTree = "<group>"; };
		FB0D83F42AAA0B8700F1CF2E /* Preview Assets.xcassets */ = {isa = PBXFileReference; lastKnownFileType = folder.assetcatalog; path = "Preview Assets.xcassets"; sourceTree = "<group>"; };
		FB0D83FB2AAA103300F1CF2E /* HomeView.swift */ = {isa = PBXFileReference; lastKnownFileType = sourcecode.swift; path = HomeView.swift; sourceTree = "<group>"; };
		FB0D84002AAA10AA00F1CF2E /* movie.swift */ = {isa = PBXFileReference; lastKnownFileType = sourcecode.swift; path = movie.swift; sourceTree = "<group>"; };
		FB0D84032AAA10D400F1CF2E /* StandardHomeMovie.swift */ = {isa = PBXFileReference; lastKnownFileType = sourcecode.swift; path = StandardHomeMovie.swift; sourceTree = "<group>"; };
		FB0D84052AAA110C00F1CF2E /* GlobalHelpers.swift */ = {isa = PBXFileReference; lastKnownFileType = sourcecode.swift; path = GlobalHelpers.swift; sourceTree = "<group>"; };
		FB0D84072AAB674200F1CF2E /* HomeVM.swift */ = {isa = PBXFileReference; lastKnownFileType = sourcecode.swift; path = HomeVM.swift; sourceTree = "<group>"; };
		FB0D84092AAC071300F1CF2E /* TopMoviePreview.swift */ = {isa = PBXFileReference; lastKnownFileType = sourcecode.swift; path = TopMoviePreview.swift; sourceTree = "<group>"; };
		FB0D840B2AAC174400F1CF2E /* SmallVerticalButton.swift */ = {isa = PBXFileReference; lastKnownFileType = sourcecode.swift; path = SmallVerticalButton.swift; sourceTree = "<group>"; };
		FB0D840D2AAC1BA900F1CF2E /* WhiteButton.swift */ = {isa = PBXFileReference; lastKnownFileType = sourcecode.swift; path = WhiteButton.swift; sourceTree = "<group>"; };
/* End PBXFileReference section */

/* Begin PBXFrameworksBuildPhase section */
		FB0D83E72AAA0B8500F1CF2E /* Frameworks */ = {
			isa = PBXFrameworksBuildPhase;
			buildActionMask = 2147483647;
			files = (
				FB0D83FF2AAA109300F1CF2E /* Kingfisher in Frameworks */,
			);
			runOnlyForDeploymentPostprocessing = 0;
		};
/* End PBXFrameworksBuildPhase section */

/* Begin PBXGroup section */
		FB0714372AB99381006CE7A7 /* HomeViews */ = {
			isa = PBXGroup;
			children = (
				FB0D83FB2AAA103300F1CF2E /* HomeView.swift */,
				FB0D84072AAB674200F1CF2E /* HomeVM.swift */,
			);
			path = HomeViews;
			sourceTree = "<group>";
		};
		FB0714382AB995D2006CE7A7 /* HelperViews */ = {
			isa = PBXGroup;
			children = (
				FB0D84092AAC071300F1CF2E /* TopMoviePreview.swift */,
				FB0D840B2AAC174400F1CF2E /* SmallVerticalButton.swift */,
				FB0D840D2AAC1BA900F1CF2E /* WhiteButton.swift */,
				FB0D84032AAA10D400F1CF2E /* StandardHomeMovie.swift */,
			);
			path = HelperViews;
			sourceTree = "<group>";
		};
		FB0714392AB995E7006CE7A7 /* Model */ = {
			isa = PBXGroup;
			children = (
				FB0D84002AAA10AA00F1CF2E /* movie.swift */,
			);
			path = Model;
			sourceTree = "<group>";
		};
		FB07143A2AB995F0006CE7A7 /* Helpers */ = {
			isa = PBXGroup;
			children = (
				FB0D84052AAA110C00F1CF2E /* GlobalHelpers.swift */,
			);
			path = Helpers;
			sourceTree = "<group>";
		};
		FB0D83E12AAA0B8500F1CF2E = {
			isa = PBXGroup;
			children = (
				FB0D83EC2AAA0B8500F1CF2E /* BuildNetflix */,
				FB0D83EB2AAA0B8500F1CF2E /* Products */,
			);
			sourceTree = "<group>";
		};
		FB0D83EB2AAA0B8500F1CF2E /* Products */ = {
			isa = PBXGroup;
			children = (
				FB0D83EA2AAA0B8500F1CF2E /* BuildNetflix.app */,
			);
			name = Products;
			sourceTree = "<group>";
		};
		FB0D83EC2AAA0B8500F1CF2E /* BuildNetflix */ = {
			isa = PBXGroup;
			children = (
				FB0D83ED2AAA0B8500F1CF2E /* BuildNetflixApp.swift */,
				FB0D83EF2AAA0B8500F1CF2E /* ContentView.swift */,
				FB0D84022AAA10AF00F1CF2E /* iOS */,
				FB0714352AB992D7006CE7A7 /* MovieDetail.swift */,
				FB0D83F12AAA0B8700F1CF2E /* Assets.xcassets */,
				FB0D83F32AAA0B8700F1CF2E /* Preview Content */,
			);
			path = BuildNetflix;
			sourceTree = "<group>";
		};
		FB0D83F32AAA0B8700F1CF2E /* Preview Content */ = {
			isa = PBXGroup;
			children = (
				FB0D83F42AAA0B8700F1CF2E /* Preview Assets.xcassets */,
			);
			path = "Preview Content";
			sourceTree = "<group>";
		};
		FB0D84022AAA10AF00F1CF2E /* iOS */ = {
			isa = PBXGroup;
			children = (
				FB0714372AB99381006CE7A7 /* HomeViews */,
				FB0714382AB995D2006CE7A7 /* HelperViews */,
				FB0714392AB995E7006CE7A7 /* Model */,
				FB07143A2AB995F0006CE7A7 /* Helpers */,
			);
			path = iOS;
			sourceTree = "<group>";
		};
/* End PBXGroup section */

/* Begin PBXNativeTarget section */
		FB0D83E92AAA0B8500F1CF2E /* BuildNetflix */ = {
			isa = PBXNativeTarget;
			buildConfigurationList = FB0D83F82AAA0B8700F1CF2E /* Build configuration list for PBXNativeTarget "BuildNetflix" */;
			buildPhases = (
				FB0D83E62AAA0B8500F1CF2E /* Sources */,
				FB0D83E72AAA0B8500F1CF2E /* Frameworks */,
				FB0D83E82AAA0B8500F1CF2E /* Resources */,
			);
			buildRules = (
			);
			dependencies = (
			);
			name = BuildNetflix;
			packageProductDependencies = (
				FB0D83FE2AAA109300F1CF2E /* Kingfisher */,
			);
			productName = BuildNetflix;
			productReference = FB0D83EA2AAA0B8500F1CF2E /* BuildNetflix.app */;
			productType = "com.apple.product-type.application";
		};
/* End PBXNativeTarget section */

/* Begin PBXProject section */
		FB0D83E22AAA0B8500F1CF2E /* Project object */ = {
			isa = PBXProject;
			attributes = {
				BuildIndependentTargetsInParallel = 1;
				LastSwiftUpdateCheck = 1430;
				LastUpgradeCheck = 1430;
				TargetAttributes = {
					FB0D83E92AAA0B8500F1CF2E = {
						CreatedOnToolsVersion = 14.3.1;
					};
				};
			};
			buildConfigurationList = FB0D83E52AAA0B8500F1CF2E /* Build configuration list for PBXProject "BuildNetflix" */;
			compatibilityVersion = "Xcode 14.0";
			developmentRegion = en;
			hasScannedForEncodings = 0;
			knownRegions = (
				en,
				Base,
			);
			mainGroup = FB0D83E12AAA0B8500F1CF2E;
			packageReferences = (
				FB0D83FD2AAA109300F1CF2E /* XCRemoteSwiftPackageReference "Kingfisher" */,
			);
			productRefGroup = FB0D83EB2AAA0B8500F1CF2E /* Products */;
			projectDirPath = "";
			projectRoot = "";
			targets = (
				FB0D83E92AAA0B8500F1CF2E /* BuildNetflix */,
			);
		};
/* End PBXProject section */

/* Begin PBXResourcesBuildPhase section */
		FB0D83E82AAA0B8500F1CF2E /* Resources */ = {
			isa = PBXResourcesBuildPhase;
			buildActionMask = 2147483647;
			files = (
				FB0D83F52AAA0B8700F1CF2E /* Preview Assets.xcassets in Resources */,
				FB0D83F22AAA0B8700F1CF2E /* Assets.xcassets in Resources */,
			);
			runOnlyForDeploymentPostprocessing = 0;
		};
/* End PBXResourcesBuildPhase section */

/* Begin PBXSourcesBuildPhase section */
		FB0D83E62AAA0B8500F1CF2E /* Sources */ = {
			isa = PBXSourcesBuildPhase;
			buildActionMask = 2147483647;
			files = (
				FB0D84062AAA110C00F1CF2E /* GlobalHelpers.swift in Sources */,
				FB0D83FC2AAA103300F1CF2E /* HomeView.swift in Sources */,
				FB0D84082AAB674200F1CF2E /* HomeVM.swift in Sources */,
				FB0D83F02AAA0B8500F1CF2E /* ContentView.swift in Sources */,
				FB0D84042AAA10D400F1CF2E /* StandardHomeMovie.swift in Sources */,
				FB0D840A2AAC071300F1CF2E /* TopMoviePreview.swift in Sources */,
				FB0D84012AAA10AA00F1CF2E /* movie.swift in Sources */,
				FB0D83EE2AAA0B8500F1CF2E /* BuildNetflixApp.swift in Sources */,
				FB0D840C2AAC174400F1CF2E /* SmallVerticalButton.swift in Sources */,
				FB0D840E2AAC1BA900F1CF2E /* WhiteButton.swift in Sources */,
				FB0714362AB992D7006CE7A7 /* MovieDetail.swift in Sources */,
			);
			runOnlyForDeploymentPostprocessing = 0;
		};
/* End PBXSourcesBuildPhase section */

/* Begin XCBuildConfiguration section */
		FB0D83F62AAA0B8700F1CF2E /* Debug */ = {
			isa = XCBuildConfiguration;
			buildSettings = {
				ALWAYS_SEARCH_USER_PATHS = NO;
				CLANG_ANALYZER_NONNULL = YES;
				CLANG_ANALYZER_NUMBER_OBJECT_CONVERSION = YES_AGGRESSIVE;
				CLANG_CXX_LANGUAGE_STANDARD = "gnu++20";
				CLANG_ENABLE_MODULES = YES;
				CLANG_ENABLE_OBJC_ARC = YES;
				CLANG_ENABLE_OBJC_WEAK = YES;
				CLANG_WARN_BLOCK_CAPTURE_AUTORELEASING = YES;
				CLANG_WARN_BOOL_CONVERSION = YES;
				CLANG_WARN_COMMA = YES;
				CLANG_WARN_CONSTANT_CONVERSION = YES;
				CLANG_WARN_DEPRECATED_OBJC_IMPLEMENTATIONS = YES;
				CLANG_WARN_DIRECT_OBJC_ISA_USAGE = YES_ERROR;
				CLANG_WARN_DOCUMENTATION_COMMENTS = YES;
				CLANG_WARN_EMPTY_BODY = YES;
				CLANG_WARN_ENUM_CONVERSION = YES;
				CLANG_WARN_INFINITE_RECURSION = YES;
				CLANG_WARN_INT_CONVERSION = YES;
				CLANG_WARN_NON_LITERAL_NULL_CONVERSION = YES;
				CLANG_WARN_OBJC_IMPLICIT_RETAIN_SELF = YES;
				CLANG_WARN_OBJC_LITERAL_CONVERSION = YES;
				CLANG_WARN_OBJC_ROOT_CLASS = YES_ERROR;
				CLANG_WARN_QUOTED_INCLUDE_IN_FRAMEWORK_HEADER = YES;
				CLANG_WARN_RANGE_LOOP_ANALYSIS = YES;
				CLANG_WARN_STRICT_PROTOTYPES = YES;
				CLANG_WARN_SUSPICIOUS_MOVE = YES;
				CLANG_WARN_UNGUARDED_AVAILABILITY = YES_AGGRESSIVE;
				CLANG_WARN_UNREACHABLE_CODE = YES;
				CLANG_WARN__DUPLICATE_METHOD_MATCH = YES;
				COPY_PHASE_STRIP = NO;
				DEBUG_INFORMATION_FORMAT = dwarf;
				ENABLE_STRICT_OBJC_MSGSEND = YES;
				ENABLE_TESTABILITY = YES;
				GCC_C_LANGUAGE_STANDARD = gnu11;
				GCC_DYNAMIC_NO_PIC = NO;
				GCC_NO_COMMON_BLOCKS = YES;
				GCC_OPTIMIZATION_LEVEL = 0;
				GCC_PREPROCESSOR_DEFINITIONS = (
					"DEBUG=1",
					"$(inherited)",
				);
				GCC_WARN_64_TO_32_BIT_CONVERSION = YES;
				GCC_WARN_ABOUT_RETURN_TYPE = YES_ERROR;
				GCC_WARN_UNDECLARED_SELECTOR = YES;
				GCC_WARN_UNINITIALIZED_AUTOS = YES_AGGRESSIVE;
				GCC_WARN_UNUSED_FUNCTION = YES;
				GCC_WARN_UNUSED_VARIABLE = YES;
				IPHONEOS_DEPLOYMENT_TARGET = 16.4;
				MTL_ENABLE_DEBUG_INFO = INCLUDE_SOURCE;
				MTL_FAST_MATH = YES;
				ONLY_ACTIVE_ARCH = YES;
				SDKROOT = iphoneos;
				SWIFT_ACTIVE_COMPILATION_CONDITIONS = DEBUG;
				SWIFT_OPTIMIZATION_LEVEL = "-Onone";
			};
			name = Debug;
		};
		FB0D83F72AAA0B8700F1CF2E /* Release */ = {
			isa = XCBuildConfiguration;
			buildSettings = {
				ALWAYS_SEARCH_USER_PATHS = NO;
				CLANG_ANALYZER_NONNULL = YES;
				CLANG_ANALYZER_NUMBER_OBJECT_CONVERSION = YES_AGGRESSIVE;
				CLANG_CXX_LANGUAGE_STANDARD = "gnu++20";
				CLANG_ENABLE_MODULES = YES;
				CLANG_ENABLE_OBJC_ARC = YES;
				CLANG_ENABLE_OBJC_WEAK = YES;
				CLANG_WARN_BLOCK_CAPTURE_AUTORELEASING = YES;
				CLANG_WARN_BOOL_CONVERSION = YES;
				CLANG_WARN_COMMA = YES;
				CLANG_WARN_CONSTANT_CONVERSION = YES;
				CLANG_WARN_DEPRECATED_OBJC_IMPLEMENTATIONS = YES;
				CLANG_WARN_DIRECT_OBJC_ISA_USAGE = YES_ERROR;
				CLANG_WARN_DOCUMENTATION_COMMENTS = YES;
				CLANG_WARN_EMPTY_BODY = YES;
				CLANG_WARN_ENUM_CONVERSION = YES;
				CLANG_WARN_INFINITE_RECURSION = YES;
				CLANG_WARN_INT_CONVERSION = YES;
				CLANG_WARN_NON_LITERAL_NULL_CONVERSION = YES;
				CLANG_WARN_OBJC_IMPLICIT_RETAIN_SELF = YES;
				CLANG_WARN_OBJC_LITERAL_CONVERSION = YES;
				CLANG_WARN_OBJC_ROOT_CLASS = YES_ERROR;
				CLANG_WARN_QUOTED_INCLUDE_IN_FRAMEWORK_HEADER = YES;
				CLANG_WARN_RANGE_LOOP_ANALYSIS = YES;
				CLANG_WARN_STRICT_PROTOTYPES = YES;
				CLANG_WARN_SUSPICIOUS_MOVE = YES;
				CLANG_WARN_UNGUARDED_AVAILABILITY = YES_AGGRESSIVE;
				CLANG_WARN_UNREACHABLE_CODE = YES;
				CLANG_WARN__DUPLICATE_METHOD_MATCH = YES;
				COPY_PHASE_STRIP = NO;
				DEBUG_INFORMATION_FORMAT = "dwarf-with-dsym";
				ENABLE_NS_ASSERTIONS = NO;
				ENABLE_STRICT_OBJC_MSGSEND = YES;
				GCC_C_LANGUAGE_STANDARD = gnu11;
				GCC_NO_COMMON_BLOCKS = YES;
				GCC_WARN_64_TO_32_BIT_CONVERSION = YES;
				GCC_WARN_ABOUT_RETURN_TYPE = YES_ERROR;
				GCC_WARN_UNDECLARED_SELECTOR = YES;
				GCC_WARN_UNINITIALIZED_AUTOS = YES_AGGRESSIVE;
				GCC_WARN_UNUSED_FUNCTION = YES;
				GCC_WARN_UNUSED_VARIABLE = YES;
				IPHONEOS_DEPLOYMENT_TARGET = 16.4;
				MTL_ENABLE_DEBUG_INFO = NO;
				MTL_FAST_MATH = YES;
				SDKROOT = iphoneos;
				SWIFT_COMPILATION_MODE = wholemodule;
				SWIFT_OPTIMIZATION_LEVEL = "-O";
				VALIDATE_PRODUCT = YES;
			};
			name = Release;
		};
		FB0D83F92AAA0B8700F1CF2E /* Debug */ = {
			isa = XCBuildConfiguration;
			buildSettings = {
				ASSETCATALOG_COMPILER_APPICON_NAME = AppIcon;
				ASSETCATALOG_COMPILER_GLOBAL_ACCENT_COLOR_NAME = AccentColor;
				CODE_SIGN_STYLE = Automatic;
				CURRENT_PROJECT_VERSION = 1;
				DEVELOPMENT_ASSET_PATHS = "\"BuildNetflix/Preview Content\"";
				DEVELOPMENT_TEAM = 8S86367NT3;
				ENABLE_PREVIEWS = YES;
				GENERATE_INFOPLIST_FILE = YES;
				INFOPLIST_KEY_UIApplicationSceneManifest_Generation = YES;
				INFOPLIST_KEY_UIApplicationSupportsIndirectInputEvents = YES;
				INFOPLIST_KEY_UILaunchScreen_Generation = YES;
				INFOPLIST_KEY_UISupportedInterfaceOrientations_iPad = "UIInterfaceOrientationPortrait UIInterfaceOrientationPortraitUpsideDown UIInterfaceOrientationLandscapeLeft UIInterfaceOrientationLandscapeRight";
				INFOPLIST_KEY_UISupportedInterfaceOrientations_iPhone = "UIInterfaceOrientationPortrait UIInterfaceOrientationLandscapeLeft UIInterfaceOrientationLandscapeRight";
				LD_RUNPATH_SEARCH_PATHS = (
					"$(inherited)",
					"@executable_path/Frameworks",
				);
				MARKETING_VERSION = 1.0;
				PRODUCT_BUNDLE_IDENTIFIER = com.Henrykim1111.BuildNetflix;
				PRODUCT_NAME = "$(TARGET_NAME)";
				SWIFT_EMIT_LOC_STRINGS = YES;
				SWIFT_VERSION = 5.0;
				TARGETED_DEVICE_FAMILY = "1,2";
			};
			name = Debug;
		};
		FB0D83FA2AAA0B8700F1CF2E /* Release */ = {
			isa = XCBuildConfiguration;
			buildSettings = {
				ASSETCATALOG_COMPILER_APPICON_NAME = AppIcon;
				ASSETCATALOG_COMPILER_GLOBAL_ACCENT_COLOR_NAME = AccentColor;
				CODE_SIGN_STYLE = Automatic;
				CURRENT_PROJECT_VERSION = 1;
				DEVELOPMENT_ASSET_PATHS = "\"BuildNetflix/Preview Content\"";
				DEVELOPMENT_TEAM = 8S86367NT3;
				ENABLE_PREVIEWS = YES;
				GENERATE_INFOPLIST_FILE = YES;
				INFOPLIST_KEY_UIApplicationSceneManifest_Generation = YES;
				INFOPLIST_KEY_UIApplicationSupportsIndirectInputEvents = YES;
				INFOPLIST_KEY_UILaunchScreen_Generation = YES;
				INFOPLIST_KEY_UISupportedInterfaceOrientations_iPad = "UIInterfaceOrientationPortrait UIInterfaceOrientationPortraitUpsideDown UIInterfaceOrientationLandscapeLeft UIInterfaceOrientationLandscapeRight";
				INFOPLIST_KEY_UISupportedInterfaceOrientations_iPhone = "UIInterfaceOrientationPortrait UIInterfaceOrientationLandscapeLeft UIInterfaceOrientationLandscapeRight";
				LD_RUNPATH_SEARCH_PATHS = (
					"$(inherited)",
					"@executable_path/Frameworks",
				);
				MARKETING_VERSION = 1.0;
				PRODUCT_BUNDLE_IDENTIFIER = com.Henrykim1111.BuildNetflix;
				PRODUCT_NAME = "$(TARGET_NAME)";
				SWIFT_EMIT_LOC_STRINGS = YES;
				SWIFT_VERSION = 5.0;
				TARGETED_DEVICE_FAMILY = "1,2";
			};
			name = Release;
		};
/* End XCBuildConfiguration section */

/* Begin XCConfigurationList section */
		FB0D83E52AAA0B8500F1CF2E /* Build configuration list for PBXProject "BuildNetflix" */ = {
			isa = XCConfigurationList;
			buildConfigurations = (
				FB0D83F62AAA0B8700F1CF2E /* Debug */,
				FB0D83F72AAA0B8700F1CF2E /* Release */,
			);
			defaultConfigurationIsVisible = 0;
			defaultConfigurationName = Release;
		};
		FB0D83F82AAA0B8700F1CF2E /* Build configuration list for PBXNativeTarget "BuildNetflix" */ = {
			isa = XCConfigurationList;
			buildConfigurations = (
				FB0D83F92AAA0B8700F1CF2E /* Debug */,
				FB0D83FA2AAA0B8700F1CF2E /* Release */,
			);
			defaultConfigurationIsVisible = 0;
			defaultConfigurationName = Release;
		};
/* End XCConfigurationList section */

/* Begin XCRemoteSwiftPackageReference section */
		FB0D83FD2AAA109300F1CF2E /* XCRemoteSwiftPackageReference "Kingfisher" */ = {
			isa = XCRemoteSwiftPackageReference;
			repositoryURL = "https://github.com/onevcat/Kingfisher";
			requirement = {
				kind = upToNextMajorVersion;
				minimumVersion = 7.0.0;
			};
		};
/* End XCRemoteSwiftPackageReference section */

/* Begin XCSwiftPackageProductDependency section */
		FB0D83FE2AAA109300F1CF2E /* Kingfisher */ = {
			isa = XCSwiftPackageProductDependency;
			package = FB0D83FD2AAA109300F1CF2E /* XCRemoteSwiftPackageReference "Kingfisher" */;
			productName = Kingfisher;
		};
/* End XCSwiftPackageProductDependency section */
	};
	rootObject = FB0D83E22AAA0B8500F1CF2E /* Project object */;
}
